
Microsoft Visual Studio Solution File, Format Version 12.00
# Visual Studio 14
VisualStudioVersion = 14.0.25420.1
MinimumVisualStudioVersion = 10.0.40219.1
Project("{FAE04EC0-301F-11D3-BF4B-00C04F79EFBC}") = "AtesShop.Web", "AtesShop.Web\AtesShop.Web.csproj", "{A13C4012-2074-4CE7-A90D-02ACA90F21A7}"
EndProject
Project("{FAE04EC0-301F-11D3-BF4B-00C04F79EFBC}") = "AtesShop.Entities", "AtesShop.Entities\AtesShop.Entities.csproj", "{ECE1128E-A159-4DF4-9846-9B06C0071730}"
EndProject
Project("{FAE04EC0-301F-11D3-BF4B-00C04F79EFBC}") = "AtesShop.Database", "AtesShop.Database\AtesShop.Database.csproj", "{BE716FD8-7CDF-4327-8660-6D86527D4E60}"
EndProject
Project("{FAE04EC0-301F-11D3-BF4B-00C04F79EFBC}") = "AtesShop.Services", "AtesShop.Services\AtesShop.Services.csproj", "{967999A5-9E3A-44B4-B6DA-02AB55E4F25A}"
EndProject
Project("{FAE04EC0-301F-11D3-BF4B-00C04F79EFBC}") = "AtesShop.Admin", "AtesShop.Admin\AtesShop.Admin.csproj", "{A7CB5863-0073-4AED-A6C2-B5E4906E8351}"
EndProject
Project("{FAE04EC0-301F-11D3-BF4B-00C04F79EFBC}") = "AtesShop.Resources", "AtesShop.Resources\AtesShop.Resources.csproj", "{8F83A1F9-E35F-4A88-BA84-A21816CB5062}"
EndProject
Project("{FAE04EC0-301F-11D3-BF4B-00C04F79EFBC}") = "ResourceBuilder", "ResourceBuilder\ResourceBuilder.csproj", "{43163634-3734-4DDD-832C-A29DDD1762CD}"
EndProject
Global
	GlobalSection(SolutionConfigurationPlatforms) = preSolution
		Debug|Any CPU = Debug|Any CPU
		Release|Any CPU = Release|Any CPU
	EndGlobalSection
	GlobalSection(ProjectConfigurationPlatforms) = postSolution
		{A13C4012-2074-4CE7-A90D-02ACA90F21A7}.Debug|Any CPU.ActiveCfg = Debug|Any CPU
		{A13C4012-2074-4CE7-A90D-02ACA90F21A7}.Debug|Any CPU.Build.0 = Debug|Any CPU
		{A13C4012-2074-4CE7-A90D-02ACA90F21A7}.Release|Any CPU.ActiveCfg = Release|Any CPU
		{A13C4012-2074-4CE7-A90D-02ACA90F21A7}.Release|Any CPU.Build.0 = Release|Any CPU
		{ECE1128E-A159-4DF4-9846-9B06C0071730}.Debug|Any CPU.ActiveCfg = Debug|Any CPU
		{ECE1128E-A159-4DF4-9846-9B06C0071730}.Debug|Any CPU.Build.0 = Debug|Any CPU
		{ECE1128E-A159-4DF4-9846-9B06C0071730}.Release|Any CPU.ActiveCfg = Release|Any CPU
		{ECE1128E-A159-4DF4-9846-9B06C0071730}.Release|Any CPU.Build.0 = Release|Any CPU
		{BE716FD8-7CDF-4327-8660-6D86527D4E60}.Debug|Any CPU.ActiveCfg = Debug|Any CPU
		{BE716FD8-7CDF-4327-8660-6D86527D4E60}.Debug|Any CPU.Build.0 = Debug|Any CPU
		{BE716FD8-7CDF-4327-8660-6D86527D4E60}.Release|Any CPU.ActiveCfg = Release|Any CPU
		{BE716FD8-7CDF-4327-8660-6D86527D4E60}.Release|Any CPU.Build.0 = Release|Any CPU
		{967999A5-9E3A-44B4-B6DA-02AB55E4F25A}.Debug|Any CPU.ActiveCfg = Debug|Any CPU
		{967999A5-9E3A-44B4-B6DA-02AB55E4F25A}.Debug|Any CPU.Build.0 = Debug|Any CPU
		{967999A5-9E3A-44B4-B6DA-02AB55E4F25A}.Release|Any CPU.ActiveCfg = Release|Any CPU
		{967999A5-9E3A-44B4-B6DA-02AB55E4F25A}.Release|Any CPU.Build.0 = Release|Any CPU
		{A7CB5863-0073-4AED-A6C2-B5E4906E8351}.Debug|Any CPU.ActiveCfg = Debug|Any CPU
		{A7CB5863-0073-4AED-A6C2-B5E4906E8351}.Debug|Any CPU.Build.0 = Debug|Any CPU
		{A7CB5863-0073-4AED-A6C2-B5E4906E8351}.Release|Any CPU.ActiveCfg = Release|Any CPU
		{A7CB5863-0073-4AED-A6C2-B5E4906E8351}.Release|Any CPU.Build.0 = Release|Any CPU
		{8F83A1F9-E35F-4A88-BA84-A21816CB5062}.Debug|Any CPU.ActiveCfg = Debug|Any CPU
		{8F83A1F9-E35F-4A88-BA84-A21816CB5062}.Debug|Any CPU.Build.0 = Debug|Any CPU
		{8F83A1F9-E35F-4A88-BA84-A21816CB5062}.Release|Any CPU.ActiveCfg = Release|Any CPU
		{8F83A1F9-E35F-4A88-BA84-A21816CB5062}.Release|Any CPU.Build.0 = Release|Any CPU
		{43163634-3734-4DDD-832C-A29DDD1762CD}.Debug|Any CPU.ActiveCfg = Debug|Any CPU
		{43163634-3734-4DDD-832C-A29DDD1762CD}.Debug|Any CPU.Build.0 = Debug|Any CPU
		{43163634-3734-4DDD-832C-A29DDD1762CD}.Release|Any CPU.ActiveCfg = Release|Any CPU
		{43163634-3734-4DDD-832C-A29DDD1762CD}.Release|Any CPU.Build.0 = Release|Any CPU
	EndGlobalSection
	GlobalSection(SolutionProperties) = preSolution
		HideSolutionNode = FALSE
	EndGlobalSection
EndGlobal
